
Microsoft Visual Studio Solution File, Format Version 12.00
# Visual Studio Version 17
VisualStudioVersion = 17.9.34728.123
MinimumVisualStudioVersion = 10.0.40219.1
Project("{FAE04EC0-301F-11D3-BF4B-00C04F79EFBC}") = "moviesApp", "moviesApp\moviesApp.csproj", "{A37546F9-0071-4A72-BCCE-39454BDC266D}"
EndProject
Global
	GlobalSection(SolutionConfigurationPlatforms) = preSolution
		Debug|Any CPU = Debug|Any CPU
		Release|Any CPU = Release|Any CPU
	EndGlobalSection
	GlobalSection(ProjectConfigurationPlatforms) = postSolution
		{A37546F9-0071-4A72-BCCE-39454BDC266D}.Debug|Any CPU.ActiveCfg = Debug|Any CPU
		{A37546F9-0071-4A72-BCCE-39454BDC266D}.Debug|Any CPU.Build.0 = Debug|Any CPU
		{A37546F9-0071-4A72-BCCE-39454BDC266D}.Release|Any CPU.ActiveCfg = Release|Any CPU
		{A37546F9-0071-4A72-BCCE-39454BDC266D}.Release|Any CPU.Build.0 = Release|Any CPU
	EndGlobalSection
	GlobalSection(SolutionProperties) = preSolution
		HideSolutionNode = FALSE
	EndGlobalSection
	GlobalSection(ExtensibilityGlobals) = postSolution
		SolutionGuid = {E736C73F-F759-4CD3-8262-98993FCAC9C9}
	EndGlobalSection
EndGlobal
